
Microsoft Visual Studio Solution File, Format Version 12.00
# Visual Studio 15
Project("{FAE04EC0-301F-11D3-BF4B-00C04F79EFBC}") = "Flappy Bird.Plugins", "Flappy Bird.Plugins.csproj", "{2F1ED43A-6D61-C33D-3720-802648C04C2C}"
EndProject
Project("{FAE04EC0-301F-11D3-BF4B-00C04F79EFBC}") = "Flappy Bird", "Flappy Bird.csproj", "{0DA61185-81B2-BF17-2A51-7A51222133F6}"
EndProject
Project("{FAE04EC0-301F-11D3-BF4B-00C04F79EFBC}") = "Flappy Bird.Editor.Plugins", "Flappy Bird.Editor.Plugins.csproj", "{D017B658-A7C3-C58B-A6EF-6D6D17F3D357}"
EndProject
Global
	GlobalSection(SolutionConfigurationPlatforms) = preSolution
		Debug|Any CPU = Debug|Any CPU
		Release|Any CPU = Release|Any CPU
	EndGlobalSection
	GlobalSection(ProjectConfigurationPlatforms) = postSolution
		{2F1ED43A-6D61-C33D-3720-802648C04C2C}.Debug|Any CPU.ActiveCfg = Debug|Any CPU
		{2F1ED43A-6D61-C33D-3720-802648C04C2C}.Debug|Any CPU.Build.0 = Debug|Any CPU
		{2F1ED43A-6D61-C33D-3720-802648C04C2C}.Release|Any CPU.ActiveCfg = Release|Any CPU
		{2F1ED43A-6D61-C33D-3720-802648C04C2C}.Release|Any CPU.Build.0 = Release|Any CPU
		{0DA61185-81B2-BF17-2A51-7A51222133F6}.Debug|Any CPU.ActiveCfg = Debug|Any CPU
		{0DA61185-81B2-BF17-2A51-7A51222133F6}.Debug|Any CPU.Build.0 = Debug|Any CPU
		{0DA61185-81B2-BF17-2A51-7A51222133F6}.Release|Any CPU.ActiveCfg = Release|Any CPU
		{0DA61185-81B2-BF17-2A51-7A51222133F6}.Release|Any CPU.Build.0 = Release|Any CPU
		{D017B658-A7C3-C58B-A6EF-6D6D17F3D357}.Debug|Any CPU.ActiveCfg = Debug|Any CPU
		{D017B658-A7C3-C58B-A6EF-6D6D17F3D357}.Debug|Any CPU.Build.0 = Debug|Any CPU
		{D017B658-A7C3-C58B-A6EF-6D6D17F3D357}.Release|Any CPU.ActiveCfg = Release|Any CPU
		{D017B658-A7C3-C58B-A6EF-6D6D17F3D357}.Release|Any CPU.Build.0 = Release|Any CPU
	EndGlobalSection
	GlobalSection(SolutionProperties) = preSolution
		HideSolutionNode = FALSE
	EndGlobalSection
EndGlobal
